
Microsoft Visual Studio Solution File, Format Version 12.00
# Visual Studio 15
VisualStudioVersion = 15.0.27703.2042
MinimumVisualStudioVersion = 10.0.40219.1
Project("{FAE04EC0-301F-11D3-BF4B-00C04F79EFBC}") = "BodyBasics-WPF", "BodyBasics-WPF.csproj", "{269A7B21-FBFE-4E7A-8BBE-C8DE2EC0D833}"
EndProject
Project("{888888A0-9F3D-457C-B088-3A5042F75D52}") = "PythonApplication1", "..\PythonApplication1\PythonApplication1.pyproj", "{3A92CD61-8D0C-43CE-A3F4-DC20E4A3F3ED}"
EndProject
Project("{888888A0-9F3D-457C-B088-3A5042F75D52}") = "PythonKNN", "..\PythonKNN\PythonKNN.pyproj", "{B5C0DA85-5657-40F0-8B73-CD14DB206909}"
EndProject
Project("{888888A0-9F3D-457C-B088-3A5042F75D52}") = "PythonSVM", "..\PythonML\PythonSVM.pyproj", "{8DE7992F-8735-4264-BE49-8B76EA9838CC}"
EndProject
Project("{888888A0-9F3D-457C-B088-3A5042F75D52}") = "PythonMLP", "..\PythonMLP\PythonMLP.pyproj", "{B8BCC5B6-2646-4527-AFEA-E8C9CD0F6F47}"
EndProject
Global
	GlobalSection(SolutionConfigurationPlatforms) = preSolution
		Debug|Any CPU = Debug|Any CPU
		Release|Any CPU = Release|Any CPU
	EndGlobalSection
	GlobalSection(ProjectConfigurationPlatforms) = postSolution
		{269A7B21-FBFE-4E7A-8BBE-C8DE2EC0D833}.Debug|Any CPU.ActiveCfg = Debug|Any CPU
		{269A7B21-FBFE-4E7A-8BBE-C8DE2EC0D833}.Debug|Any CPU.Build.0 = Debug|Any CPU
		{269A7B21-FBFE-4E7A-8BBE-C8DE2EC0D833}.Release|Any CPU.ActiveCfg = Release|Any CPU
		{269A7B21-FBFE-4E7A-8BBE-C8DE2EC0D833}.Release|Any CPU.Build.0 = Release|Any CPU
		{3A92CD61-8D0C-43CE-A3F4-DC20E4A3F3ED}.Debug|Any CPU.ActiveCfg = Debug|Any CPU
		{3A92CD61-8D0C-43CE-A3F4-DC20E4A3F3ED}.Release|Any CPU.ActiveCfg = Release|Any CPU
		{B5C0DA85-5657-40F0-8B73-CD14DB206909}.Debug|Any CPU.ActiveCfg = Debug|Any CPU
		{B5C0DA85-5657-40F0-8B73-CD14DB206909}.Release|Any CPU.ActiveCfg = Release|Any CPU
		{8DE7992F-8735-4264-BE49-8B76EA9838CC}.Debug|Any CPU.ActiveCfg = Debug|Any CPU
		{8DE7992F-8735-4264-BE49-8B76EA9838CC}.Release|Any CPU.ActiveCfg = Release|Any CPU
		{B8BCC5B6-2646-4527-AFEA-E8C9CD0F6F47}.Debug|Any CPU.ActiveCfg = Debug|Any CPU
		{B8BCC5B6-2646-4527-AFEA-E8C9CD0F6F47}.Release|Any CPU.ActiveCfg = Release|Any CPU
	EndGlobalSection
	GlobalSection(SolutionProperties) = preSolution
		HideSolutionNode = FALSE
	EndGlobalSection
	GlobalSection(ExtensibilityGlobals) = postSolution
		SolutionGuid = {B3479113-E2BD-46F6-A192-F338FD79CE83}
	EndGlobalSection
EndGlobal
